
Microsoft Visual Studio Solution File, Format Version 12.00
# Visual Studio 15
VisualStudioVersion = 15.0.28307.645
MinimumVisualStudioVersion = 10.0.40219.1
Project("{FAE04EC0-301F-11D3-BF4B-00C04F79EFBC}") = "webEvall", "webEvall\webEvall.csproj", "{0F9A6E2B-AF87-4211-9099-74D0D434767F}"
EndProject
Global
	GlobalSection(SolutionConfigurationPlatforms) = preSolution
		Debug|Any CPU = Debug|Any CPU
		Release|Any CPU = Release|Any CPU
	EndGlobalSection
	GlobalSection(ProjectConfigurationPlatforms) = postSolution
		{0F9A6E2B-AF87-4211-9099-74D0D434767F}.Debug|Any CPU.ActiveCfg = Debug|Any CPU
		{0F9A6E2B-AF87-4211-9099-74D0D434767F}.Debug|Any CPU.Build.0 = Debug|Any CPU
		{0F9A6E2B-AF87-4211-9099-74D0D434767F}.Release|Any CPU.ActiveCfg = Release|Any CPU
		{0F9A6E2B-AF87-4211-9099-74D0D434767F}.Release|Any CPU.Build.0 = Release|Any CPU
	EndGlobalSection
	GlobalSection(SolutionProperties) = preSolution
		HideSolutionNode = FALSE
	EndGlobalSection
	GlobalSection(ExtensibilityGlobals) = postSolution
		SolutionGuid = {183F459D-871A-4FC9-A994-51821B4097E9}
	EndGlobalSection
EndGlobal
